
Microsoft Visual Studio Solution File, Format Version 12.00
# Visual Studio Version 16
VisualStudioVersion = 16.0.32413.511
MinimumVisualStudioVersion = 10.0.40219.1
Project("{FAE04EC0-301F-11D3-BF4B-00C04F79EFBC}") = "WPF_Beispiel", "WPF_Beispiel\WPF_Beispiel.csproj", "{BA6FE615-CF2D-415D-BC47-5C98691FD199}"
EndProject
Global
	GlobalSection(SolutionConfigurationPlatforms) = preSolution
		Debug|Any CPU = Debug|Any CPU
		Release|Any CPU = Release|Any CPU
	EndGlobalSection
	GlobalSection(ProjectConfigurationPlatforms) = postSolution
		{BA6FE615-CF2D-415D-BC47-5C98691FD199}.Debug|Any CPU.ActiveCfg = Debug|Any CPU
		{BA6FE615-CF2D-415D-BC47-5C98691FD199}.Debug|Any CPU.Build.0 = Debug|Any CPU
		{BA6FE615-CF2D-415D-BC47-5C98691FD199}.Release|Any CPU.ActiveCfg = Release|Any CPU
		{BA6FE615-CF2D-415D-BC47-5C98691FD199}.Release|Any CPU.Build.0 = Release|Any CPU
	EndGlobalSection
	GlobalSection(SolutionProperties) = preSolution
		HideSolutionNode = FALSE
	EndGlobalSection
	GlobalSection(ExtensibilityGlobals) = postSolution
		SolutionGuid = {A75D0774-2D8B-4AD1-AE9F-76843CD705FC}
	EndGlobalSection
EndGlobal
